
Microsoft Visual Studio Solution File, Format Version 12.00
# Visual Studio Version 17
VisualStudioVersion = 17.0.31903.59
MinimumVisualStudioVersion = 10.0.40219.1
Project("{FAE04EC0-301F-11D3-BF4B-00C04F79EFBC}") = "AcompanhamentoPaciente.Domain", "AcompanhamentoPaciente.Domain\AcompanhamentoPaciente.Domain.csproj", "{C7330AAB-B58F-43F3-B92E-C3CB6483A2CB}"
EndProject
Project("{FAE04EC0-301F-11D3-BF4B-00C04F79EFBC}") = "AcompanhamentoPaciente.Application", "AcompanhamentoPaciente.Application\AcompanhamentoPaciente.Application.csproj", "{947155BB-AD2D-41F2-9ED5-28E22E887B07}"
EndProject
Project("{FAE04EC0-301F-11D3-BF4B-00C04F79EFBC}") = "AcompanhamentoPaciente.Infrastructure", "AcompanhamentoPaciente.Infrastructure\AcompanhamentoPaciente.Infrastructure.csproj", "{FF5C5DEA-0AE0-46D7-A6C7-AF446F9C3A4E}"
EndProject
Project("{FAE04EC0-301F-11D3-BF4B-00C04F79EFBC}") = "AcompanhamentoPaciente.Api", "AcompanhamentoPaciente.Api\AcompanhamentoPaciente.Api.csproj", "{7318CF72-89CC-482B-87A4-04B086A91DD1}"
EndProject
Global
	GlobalSection(SolutionConfigurationPlatforms) = preSolution
		Debug|Any CPU = Debug|Any CPU
		Debug|x64 = Debug|x64
		Debug|x86 = Debug|x86
		Release|Any CPU = Release|Any CPU
		Release|x64 = Release|x64
		Release|x86 = Release|x86
	EndGlobalSection
	GlobalSection(ProjectConfigurationPlatforms) = postSolution
		{C7330AAB-B58F-43F3-B92E-C3CB6483A2CB}.Debug|Any CPU.ActiveCfg = Debug|Any CPU
		{C7330AAB-B58F-43F3-B92E-C3CB6483A2CB}.Debug|Any CPU.Build.0 = Debug|Any CPU
		{C7330AAB-B58F-43F3-B92E-C3CB6483A2CB}.Debug|x64.ActiveCfg = Debug|Any CPU
		{C7330AAB-B58F-43F3-B92E-C3CB6483A2CB}.Debug|x64.Build.0 = Debug|Any CPU
		{C7330AAB-B58F-43F3-B92E-C3CB6483A2CB}.Debug|x86.ActiveCfg = Debug|Any CPU
		{C7330AAB-B58F-43F3-B92E-C3CB6483A2CB}.Debug|x86.Build.0 = Debug|Any CPU
		{C7330AAB-B58F-43F3-B92E-C3CB6483A2CB}.Release|Any CPU.ActiveCfg = Release|Any CPU
		{C7330AAB-B58F-43F3-B92E-C3CB6483A2CB}.Release|Any CPU.Build.0 = Release|Any CPU
		{C7330AAB-B58F-43F3-B92E-C3CB6483A2CB}.Release|x64.ActiveCfg = Release|Any CPU
		{C7330AAB-B58F-43F3-B92E-C3CB6483A2CB}.Release|x64.Build.0 = Release|Any CPU
		{C7330AAB-B58F-43F3-B92E-C3CB6483A2CB}.Release|x86.ActiveCfg = Release|Any CPU
		{C7330AAB-B58F-43F3-B92E-C3CB6483A2CB}.Release|x86.Build.0 = Release|Any CPU
		{947155BB-AD2D-41F2-9ED5-28E22E887B07}.Debug|Any CPU.ActiveCfg = Debug|Any CPU
		{947155BB-AD2D-41F2-9ED5-28E22E887B07}.Debug|Any CPU.Build.0 = Debug|Any CPU
		{947155BB-AD2D-41F2-9ED5-28E22E887B07}.Debug|x64.ActiveCfg = Debug|Any CPU
		{947155BB-AD2D-41F2-9ED5-28E22E887B07}.Debug|x64.Build.0 = Debug|Any CPU
		{947155BB-AD2D-41F2-9ED5-28E22E887B07}.Debug|x86.ActiveCfg = Debug|Any CPU
		{947155BB-AD2D-41F2-9ED5-28E22E887B07}.Debug|x86.Build.0 = Debug|Any CPU
		{947155BB-AD2D-41F2-9ED5-28E22E887B07}.Release|Any CPU.ActiveCfg = Release|Any CPU
		{947155BB-AD2D-41F2-9ED5-28E22E887B07}.Release|Any CPU.Build.0 = Release|Any CPU
		{947155BB-AD2D-41F2-9ED5-28E22E887B07}.Release|x64.ActiveCfg = Release|Any CPU
		{947155BB-AD2D-41F2-9ED5-28E22E887B07}.Release|x64.Build.0 = Release|Any CPU
		{947155BB-AD2D-41F2-9ED5-28E22E887B07}.Release|x86.ActiveCfg = Release|Any CPU
		{947155BB-AD2D-41F2-9ED5-28E22E887B07}.Release|x86.Build.0 = Release|Any CPU
		{FF5C5DEA-0AE0-46D7-A6C7-AF446F9C3A4E}.Debug|Any CPU.ActiveCfg = Debug|Any CPU
		{FF5C5DEA-0AE0-46D7-A6C7-AF446F9C3A4E}.Debug|Any CPU.Build.0 = Debug|Any CPU
		{FF5C5DEA-0AE0-46D7-A6C7-AF446F9C3A4E}.Debug|x64.ActiveCfg = Debug|Any CPU
		{FF5C5DEA-0AE0-46D7-A6C7-AF446F9C3A4E}.Debug|x64.Build.0 = Debug|Any CPU
		{FF5C5DEA-0AE0-46D7-A6C7-AF446F9C3A4E}.Debug|x86.ActiveCfg = Debug|Any CPU
		{FF5C5DEA-0AE0-46D7-A6C7-AF446F9C3A4E}.Debug|x86.Build.0 = Debug|Any CPU
		{FF5C5DEA-0AE0-46D7-A6C7-AF446F9C3A4E}.Release|Any CPU.ActiveCfg = Release|Any CPU
		{FF5C5DEA-0AE0-46D7-A6C7-AF446F9C3A4E}.Release|Any CPU.Build.0 = Release|Any CPU
		{FF5C5DEA-0AE0-46D7-A6C7-AF446F9C3A4E}.Release|x64.ActiveCfg = Release|Any CPU
		{FF5C5DEA-0AE0-46D7-A6C7-AF446F9C3A4E}.Release|x64.Build.0 = Release|Any CPU
		{FF5C5DEA-0AE0-46D7-A6C7-AF446F9C3A4E}.Release|x86.ActiveCfg = Release|Any CPU
		{FF5C5DEA-0AE0-46D7-A6C7-AF446F9C3A4E}.Release|x86.Build.0 = Release|Any CPU
		{7318CF72-89CC-482B-87A4-04B086A91DD1}.Debug|Any CPU.ActiveCfg = Debug|Any CPU
		{7318CF72-89CC-482B-87A4-04B086A91DD1}.Debug|Any CPU.Build.0 = Debug|Any CPU
		{7318CF72-89CC-482B-87A4-04B086A91DD1}.Debug|x64.ActiveCfg = Debug|Any CPU
		{7318CF72-89CC-482B-87A4-04B086A91DD1}.Debug|x64.Build.0 = Debug|Any CPU
		{7318CF72-89CC-482B-87A4-04B086A91DD1}.Debug|x86.ActiveCfg = Debug|Any CPU
		{7318CF72-89CC-482B-87A4-04B086A91DD1}.Debug|x86.Build.0 = Debug|Any CPU
		{7318CF72-89CC-482B-87A4-04B086A91DD1}.Release|Any CPU.ActiveCfg = Release|Any CPU
		{7318CF72-89CC-482B-87A4-04B086A91DD1}.Release|Any CPU.Build.0 = Release|Any CPU
		{7318CF72-89CC-482B-87A4-04B086A91DD1}.Release|x64.ActiveCfg = Release|Any CPU
		{7318CF72-89CC-482B-87A4-04B086A91DD1}.Release|x64.Build.0 = Release|Any CPU
		{7318CF72-89CC-482B-87A4-04B086A91DD1}.Release|x86.ActiveCfg = Release|Any CPU
		{7318CF72-89CC-482B-87A4-04B086A91DD1}.Release|x86.Build.0 = Release|Any CPU
	EndGlobalSection
	GlobalSection(SolutionProperties) = preSolution
		HideSolutionNode = FALSE
	EndGlobalSection
EndGlobal
